
Microsoft Visual Studio Solution File, Format Version 12.00
# Visual Studio Version 17
VisualStudioVersion = 17.0.32002.185
MinimumVisualStudioVersion = 10.0.40219.1
Project("{FAE04EC0-301F-11D3-BF4B-00C04F79EFBC}") = "Lab 1 Room Calculator", "Lab 1 Room Calculator\Lab 1 Room Calculator.csproj", "{B0D20A5E-7825-403D-A255-6D250657F59B}"
EndProject
Global
	GlobalSection(SolutionConfigurationPlatforms) = preSolution
		Debug|Any CPU = Debug|Any CPU
		Release|Any CPU = Release|Any CPU
	EndGlobalSection
	GlobalSection(ProjectConfigurationPlatforms) = postSolution
		{B0D20A5E-7825-403D-A255-6D250657F59B}.Debug|Any CPU.ActiveCfg = Debug|Any CPU
		{B0D20A5E-7825-403D-A255-6D250657F59B}.Debug|Any CPU.Build.0 = Debug|Any CPU
		{B0D20A5E-7825-403D-A255-6D250657F59B}.Release|Any CPU.ActiveCfg = Release|Any CPU
		{B0D20A5E-7825-403D-A255-6D250657F59B}.Release|Any CPU.Build.0 = Release|Any CPU
	EndGlobalSection
	GlobalSection(SolutionProperties) = preSolution
		HideSolutionNode = FALSE
	EndGlobalSection
	GlobalSection(ExtensibilityGlobals) = postSolution
		SolutionGuid = {1D204F1A-6790-4D16-87CD-DDE28C6BD05D}
	EndGlobalSection
EndGlobal
